{
  "name": "premier-hub-ml",
  "lockfileVersion": 3,
  "requires": true,
  "packages": {
    "": {
      "dependencies": {
        "uvicorn": "^0.0.1-security"
      }
    },
    "node_modules/uvicorn": {
      "version": "0.0.1-security",
      "resolved": "https://registry.npmjs.org/uvicorn/-/uvicorn-0.0.1-security.tgz",
      "integrity": "sha512-dDZvfAZSnLne09FhmPmAUwS6m2FA3iV9spMjZD4Lqxl3c/A8HTPhrHjqSTpWGyYReLkZmMQXEbdlw/9GHEjRKw=="
    }
  }
}
